
Microsoft Visual Studio Solution File, Format Version 12.00
# Visual Studio Version 17
VisualStudioVersion = 17.14.36327.8 d17.14
MinimumVisualStudioVersion = 10.0.40219.1
Project("{FAE04EC0-301F-11D3-BF4B-00C04F79EFBC}") = "Part  02 Inheritance", "Part  02 Inheritance.csproj", "{1DF73CFA-F49B-45D4-9FEB-D4547AFFD5B1}"
EndProject
Project("{FAE04EC0-301F-11D3-BF4B-00C04F79EFBC}") = "DataBaseFirst", "..\DataBaseFirst\DataBaseFirst.csproj", "{0119CE52-6211-4762-8FFD-9CED43E6D828}"
EndProject
Global
	GlobalSection(SolutionConfigurationPlatforms) = preSolution
		Debug|Any CPU = Debug|Any CPU
		Release|Any CPU = Release|Any CPU
	EndGlobalSection
	GlobalSection(ProjectConfigurationPlatforms) = postSolution
		{1DF73CFA-F49B-45D4-9FEB-D4547AFFD5B1}.Debug|Any CPU.ActiveCfg = Debug|Any CPU
		{1DF73CFA-F49B-45D4-9FEB-D4547AFFD5B1}.Debug|Any CPU.Build.0 = Debug|Any CPU
		{1DF73CFA-F49B-45D4-9FEB-D4547AFFD5B1}.Release|Any CPU.ActiveCfg = Release|Any CPU
		{1DF73CFA-F49B-45D4-9FEB-D4547AFFD5B1}.Release|Any CPU.Build.0 = Release|Any CPU
		{0119CE52-6211-4762-8FFD-9CED43E6D828}.Debug|Any CPU.ActiveCfg = Debug|Any CPU
		{0119CE52-6211-4762-8FFD-9CED43E6D828}.Debug|Any CPU.Build.0 = Debug|Any CPU
		{0119CE52-6211-4762-8FFD-9CED43E6D828}.Release|Any CPU.ActiveCfg = Release|Any CPU
		{0119CE52-6211-4762-8FFD-9CED43E6D828}.Release|Any CPU.Build.0 = Release|Any CPU
	EndGlobalSection
	GlobalSection(SolutionProperties) = preSolution
		HideSolutionNode = FALSE
	EndGlobalSection
	GlobalSection(ExtensibilityGlobals) = postSolution
		SolutionGuid = {028BDA3F-2C75-44E1-BDF8-BB808B68F00A}
	EndGlobalSection
EndGlobal
